Microsoft Visual Studio Solution File, Format Version 11.00
# Visual Studio 2008

Project("{A0BBAF86-BA3F-A9E2-D38A-F3B02D353E2B}") = "Tap Tappa Tengoku", "Assembly-CSharp.csproj", "{50D9C4E1-5B6A-D173-33A8-F6F03F23AC64}"
EndProject
Global
	GlobalSection(SolutionConfigurationPlatforms) = preSolution
		Debug|Any CPU = Debug|Any CPU
		Release|Any CPU = Release|Any CPU
	EndGlobalSection
	GlobalSection(ProjectConfigurationPlatforms) = postSolution
		{50D9C4E1-5B6A-D173-33A8-F6F03F23AC64}.Debug|Any CPU.ActiveCfg = Debug|Any CPU
		{50D9C4E1-5B6A-D173-33A8-F6F03F23AC64}.Debug|Any CPU.Build.0 = Debug|Any CPU
		{50D9C4E1-5B6A-D173-33A8-F6F03F23AC64}.Release|Any CPU.ActiveCfg = Release|Any CPU
		{50D9C4E1-5B6A-D173-33A8-F6F03F23AC64}.Release|Any CPU.Build.0 = Release|Any CPU
	EndGlobalSection
	GlobalSection(SolutionProperties) = preSolution
		HideSolutionNode = FALSE
	EndGlobalSection
	GlobalSection(MonoDevelopProperties) = preSolution
		StartupItem = Assembly-CSharp.csproj
	EndGlobalSection
EndGlobal
